
Microsoft Visual Studio Solution File, Format Version 12.00
Project("{FAE04EC0-301F-11D3-BF4B-00C04F79EFBC}") = "Cabinet Infirmier", "Cabinet Infirmier.csproj", "{092AF3F8-274D-4988-B1BC-E5A9BE04423B}"
EndProject
Global
	GlobalSection(SolutionConfigurationPlatforms) = preSolution
		Debug|Any CPU = Debug|Any CPU
		Release|Any CPU = Release|Any CPU
	EndGlobalSection
	GlobalSection(ProjectConfigurationPlatforms) = postSolution
		{092AF3F8-274D-4988-B1BC-E5A9BE04423B}.Debug|Any CPU.ActiveCfg = Debug|Any CPU
		{092AF3F8-274D-4988-B1BC-E5A9BE04423B}.Debug|Any CPU.Build.0 = Debug|Any CPU
		{092AF3F8-274D-4988-B1BC-E5A9BE04423B}.Release|Any CPU.ActiveCfg = Release|Any CPU
		{092AF3F8-274D-4988-B1BC-E5A9BE04423B}.Release|Any CPU.Build.0 = Release|Any CPU
	EndGlobalSection
EndGlobal
